
Microsoft Visual Studio Solution File, Format Version 12.00
# Visual Studio Version 17
VisualStudioVersion = 17.3.32929.385
MinimumVisualStudioVersion = 10.0.40219.1
Project("{FAE04EC0-301F-11D3-BF4B-00C04F79EFBC}") = "GenericDemo", "GenericDemo.csproj", "{0547538D-860D-48E7-B07A-D182CFC2DB56}"
EndProject
Global
	GlobalSection(SolutionConfigurationPlatforms) = preSolution
		Debug|Any CPU = Debug|Any CPU
		Release|Any CPU = Release|Any CPU
	EndGlobalSection
	GlobalSection(ProjectConfigurationPlatforms) = postSolution
		{0547538D-860D-48E7-B07A-D182CFC2DB56}.Debug|Any CPU.ActiveCfg = Debug|Any CPU
		{0547538D-860D-48E7-B07A-D182CFC2DB56}.Debug|Any CPU.Build.0 = Debug|Any CPU
		{0547538D-860D-48E7-B07A-D182CFC2DB56}.Release|Any CPU.ActiveCfg = Release|Any CPU
		{0547538D-860D-48E7-B07A-D182CFC2DB56}.Release|Any CPU.Build.0 = Release|Any CPU
	EndGlobalSection
	GlobalSection(SolutionProperties) = preSolution
		HideSolutionNode = FALSE
	EndGlobalSection
	GlobalSection(ExtensibilityGlobals) = postSolution
		SolutionGuid = {84B41700-A635-4190-B271-6B969AE02D42}
	EndGlobalSection
EndGlobal
